// !$*UTF8*$!
{
	archiveVersion = 1;
	classes = {
	};
	objectVersion = 46;
	objects = {

/* Begin PBXBuildFile section */
		BD76486C1DA905A0009254EC /* main.m in Sources */ = {isa = PBXBuildFile; fileRef = BD76486B1DA905A0009254EC /* main.m */; };
		BD76486F1DA905A0009254EC /* AppDelegate.m in Sources */ = {isa = PBXBuildFile; fileRef = BD76486E1DA905A0009254EC /* AppDelegate.m */; };
		BD7648721DA905A0009254EC /* ViewController.m in Sources */ = {isa = PBXBuildFile; fileRef = BD7648711DA905A0009254EC /* ViewController.m */; };
		BD7648751DA905A0009254EC /* Main.storyboard in Resources */ = {isa = PBXBuildFile; fileRef = BD7648731DA905A0009254EC /* Main.storyboard */; };
		BD7648771DA905A0009254EC /* Assets.xcassets in Resources */ = {isa = PBXBuildFile; fileRef = BD7648761DA905A0009254EC /* Assets.xcassets */; };
		BD7648851DA905A0009254EC /* LKStarSliderTests.m in Sources */ = {isa = PBXBuildFile; fileRef = BD7648841DA905A0009254EC /* LKStarSliderTests.m */; };
		BD7648901DA905A0009254EC /* LKStarSliderUITests.m in Sources */ = {isa = PBXBuildFile; fileRef = BD76488F1DA905A0009254EC /* LKStarSliderUITests.m */; };
		BD76489F1DA90605009254EC /* LKStarSlider.m in Sources */ = {isa = PBXBuildFile; fileRef = BD76489E1DA90605009254EC /* LKStarSlider.m */; };
/* End PBXBuildFile section */

/* Begin PBXContainerItemProxy section */
		BD7648811DA905A0009254EC /* PBXContainerItemProxy */ = {
			isa = PBXContainerItemProxy;
			containerPortal = BD76485F1DA905A0009254EC /* Project object */;
			proxyType = 1;
			remoteGlobalIDString = BD7648661DA905A0009254EC;
			remoteInfo = LKStarSlider;
		};
		BD76488C1DA905A0009254EC /* PBXContainerItemProxy */ = {
			isa = PBXContainerItemProxy;
			containerPortal = BD76485F1DA905A0009254EC /* Project object */;
			proxyType = 1;
			remoteGlobalIDString = BD7648661DA905A0009254EC;
			remoteInfo = LKStarSlider;
		};
/* End PBXContainerItemProxy section */

/* Begin PBXFileReference section */
		BD7648671DA905A0009254EC /* LKStarSlider.app */ = {isa = PBXFileReference; explicitFileType = wrapper.application; includeInIndex = 0; path = LKStarSlider.app; sourceTree = BUILT_PRODUCTS_DIR; };
		BD76486B1DA905A0009254EC /* main.m */ = {isa = PBXFileReference; lastKnownFileType = sourcecode.c.objc; path = main.m; sourceTree = "<group>"; };
		BD76486D1DA905A0009254EC /* AppDelegate.h */ = {isa = PBXFileReference; lastKnownFileType = sourcecode.c.h; path = AppDelegate.h; sourceTree = "<group>"; };
		BD76486E1DA905A0009254EC /* AppDelegate.m */ = {isa = PBXFileReference; lastKnownFileType = sourcecode.c.objc; path = AppDelegate.m; sourceTree = "<group>"; };
		BD7648701DA905A0009254EC /* ViewController.h */ = {isa = PBXFileReference; lastKnownFileType = sourcecode.c.h; path = ViewController.h; sourceTree = "<group>"; };
		BD7648711DA905A0009254EC /* ViewController.m */ = {isa = PBXFileReference; lastKnownFileType = sourcecode.c.objc; path = ViewController.m; sourceTree = "<group>"; };
		BD7648741DA905A0009254EC /* Base */ = {isa = PBXFileReference; lastKnownFileType = file.storyboard; name = Base; path = Base.lproj/Main.storyboard; sourceTree = "<group>"; };
		BD7648761DA905A0009254EC /* Assets.xcassets */ = {isa = PBXFileReference; lastKnownFileType = folder.assetcatalog; path = Assets.xcassets; sourceTree = "<group>"; };
		BD76487B1DA905A0009254EC /* Info.plist */ = {isa = PBXFileReference; lastKnownFileType = text.plist.xml; path = Info.plist; sourceTree = "<group>"; };
		BD7648801DA905A0009254EC /* LKStarSliderTests.xctest */ = {isa = PBXFileReference; explicitFileType = wrapper.cfbundle; includeInIndex = 0; path = LKStarSliderTests.xctest; sourceTree = BUILT_PRODUCTS_DIR; };
		BD7648841DA905A0009254EC /* LKStarSliderTests.m */ = {isa = PBXFileReference; lastKnownFileType = sourcecode.c.objc; path = LKStarSliderTests.m; sourceTree = "<group>"; };
		BD7648861DA905A0009254EC /* Info.plist */ = {isa = PBXFileReference; lastKnownFileType = text.plist.xml; path = Info.plist; sourceTree = "<group>"; };
		BD76488B1DA905A0009254EC /* LKStarSliderUITests.xctest */ = {isa = PBXFileReference; explicitFileType = wrapper.cfbundle; includeInIndex = 0; path = LKStarSliderUITests.xctest; sourceTree = BUILT_PRODUCTS_DIR; };
		BD76488F1DA905A0009254EC /* LKStarSliderUITests.m */ = {isa = PBXFileReference; lastKnownFileType = sourcecode.c.objc; path = LKStarSliderUITests.m; sourceTree = "<group>"; };
		BD7648911DA905A0009254EC /* Info.plist */ = {isa = PBXFileReference; lastKnownFileType = text.plist.xml; path = Info.plist; sourceTree = "<group>"; };
		BD76489D1DA90605009254EC /* LKStarSlider.h */ = {isa = PBXFileReference; fileEncoding = 4; lastKnownFileType = sourcecode.c.h; path = LKStarSlider.h; sourceTree = "<group>"; };
		BD76489E1DA90605009254EC /* LKStarSlider.m */ = {isa = PBXFileReference; fileEncoding = 4; lastKnownFileType = sourcecode.c.objc; path = LKStarSlider.m; sourceTree = "<group>"; };
/* End PBXFileReference section */

/* Begin PBXFrameworksBuildPhase section */
		BD7648641DA905A0009254EC /* Frameworks */ = {
			isa = PBXFrameworksBuildPhase;
			buildActionMask = 2147483647;
			files = (
			);
			runOnlyForDeploymentPostprocessing = 0;
		};
		BD76487D1DA905A0009254EC /* Frameworks */ = {
			isa = PBXFrameworksBuildPhase;
			buildActionMask = 2147483647;
			files = (
			);
			runOnlyForDeploymentPostprocessing = 0;
		};
		BD7648881DA905A0009254EC /* Frameworks */ = {
			isa = PBXFrameworksBuildPhase;
			buildActionMask = 2147483647;
			files = (
			);
			runOnlyForDeploymentPostprocessing = 0;
		};
/* End PBXFrameworksBuildPhase section */

/* Begin PBXGroup section */
		BD76485E1DA905A0009254EC = {
			isa = PBXGroup;
			children = (
				BD7648691DA905A0009254EC /* LKStarSlider */,
				BD7648831DA905A0009254EC /* LKStarSliderTests */,
				BD76488E1DA905A0009254EC /* LKStarSliderUITests */,
				BD7648681DA905A0009254EC /* Products */,
			);
			sourceTree = "<group>";
		};
		BD7648681DA905A0009254EC /* Products */ = {
			isa = PBXGroup;
			children = (
				BD7648671DA905A0009254EC /* LKStarSlider.app */,
				BD7648801DA905A0009254EC /* LKStarSliderTests.xctest */,
				BD76488B1DA905A0009254EC /* LKStarSliderUITests.xctest */,
			);
			name = Products;
			sourceTree = "<group>";
		};
		BD7648691DA905A0009254EC /* LKStarSlider */ = {
			isa = PBXGroup;
			children = (
				BD76489D1DA90605009254EC /* LKStarSlider.h */,
				BD76489E1DA90605009254EC /* LKStarSlider.m */,
				BD7648701DA905A0009254EC /* ViewController.h */,
				BD7648711DA905A0009254EC /* ViewController.m */,
				BD76486A1DA905A0009254EC /* Supporting Files */,
			);
			path = LKStarSlider;
			sourceTree = "<group>";
		};
		BD76486A1DA905A0009254EC /* Supporting Files */ = {
			isa = PBXGroup;
			children = (
				BD76486D1DA905A0009254EC /* AppDelegate.h */,
				BD76486E1DA905A0009254EC /* AppDelegate.m */,
				BD7648731DA905A0009254EC /* Main.storyboard */,
				BD7648761DA905A0009254EC /* Assets.xcassets */,
				BD76487B1DA905A0009254EC /* Info.plist */,
				BD76486B1DA905A0009254EC /* main.m */,
			);
			name = "Supporting Files";
			sourceTree = "<group>";
		};
		BD7648831DA905A0009254EC /* LKStarSliderTests */ = {
			isa = PBXGroup;
			children = (
				BD7648841DA905A0009254EC /* LKStarSliderTests.m */,
				BD7648861DA905A0009254EC /* Info.plist */,
			);
			path = LKStarSliderTests;
			sourceTree = "<group>";
		};
		BD76488E1DA905A0009254EC /* LKStarSliderUITests */ = {
			isa = PBXGroup;
			children = (
				BD76488F1DA905A0009254EC /* LKStarSliderUITests.m */,
				BD7648911DA905A0009254EC /* Info.plist */,
			);
			path = LKStarSliderUITests;
			sourceTree = "<group>";
		};
/* End PBXGroup section */

/* Begin PBXNativeTarget section */
		BD7648661DA905A0009254EC /* LKStarSlider */ = {
			isa = PBXNativeTarget;
			buildConfigurationList = BD7648941DA905A0009254EC /* Build configuration list for PBXNativeTarget "LKStarSlider" */;
			buildPhases = (
				BD7648631DA905A0009254EC /* Sources */,
				BD7648641DA905A0009254EC /* Frameworks */,
				BD7648651DA905A0009254EC /* Resources */,
			);
			buildRules = (
			);
			dependencies = (
			);
			name = LKStarSlider;
			productName = LKStarSlider;
			productReference = BD7648671DA905A0009254EC /* LKStarSlider.app */;
			productType = "com.apple.product-type.application";
		};
		BD76487F1DA905A0009254EC /* LKStarSliderTests */ = {
			isa = PBXNativeTarget;
			buildConfigurationList = BD7648971DA905A0009254EC /* Build configuration list for PBXNativeTarget "LKStarSliderTests" */;
			buildPhases = (
				BD76487C1DA905A0009254EC /* Sources */,
				BD76487D1DA905A0009254EC /* Frameworks */,
				BD76487E1DA905A0009254EC /* Resources */,
			);
			buildRules = (
			);
			dependencies = (
				BD7648821DA905A0009254EC /* PBXTargetDependency */,
			);
			name = LKStarSliderTests;
			productName = LKStarSliderTests;
			productReference = BD7648801DA905A0009254EC /* LKStarSliderTests.xctest */;
			productType = "com.apple.product-type.bundle.unit-test";
		};
		BD76488A1DA905A0009254EC /* LKStarSliderUITests */ = {
			isa = PBXNativeTarget;
			buildConfigurationList = BD76489A1DA905A0009254EC /* Build configuration list for PBXNativeTarget "LKStarSliderUITests" */;
			buildPhases = (
				BD7648871DA905A0009254EC /* Sources */,
				BD7648881DA905A0009254EC /* Frameworks */,
				BD7648891DA905A0009254EC /* Resources */,
			);
			buildRules = (
			);
			dependencies = (
				BD76488D1DA905A0009254EC /* PBXTargetDependency */,
			);
			name = LKStarSliderUITests;
			productName = LKStarSliderUITests;
			productReference = BD76488B1DA905A0009254EC /* LKStarSliderUITests.xctest */;
			productType = "com.apple.product-type.bundle.ui-testing";
		};
/* End PBXNativeTarget section */

/* Begin PBXProject section */
		BD76485F1DA905A0009254EC /* Project object */ = {
			isa = PBXProject;
			attributes = {
				LastUpgradeCheck = 0800;
				ORGANIZATIONNAME = "Ke Li";
				TargetAttributes = {
					BD7648661DA905A0009254EC = {
						CreatedOnToolsVersion = 8.0;
						ProvisioningStyle = Automatic;
					};
					BD76487F1DA905A0009254EC = {
						CreatedOnToolsVersion = 8.0;
						ProvisioningStyle = Automatic;
						TestTargetID = BD7648661DA905A0009254EC;
					};
					BD76488A1DA905A0009254EC = {
						CreatedOnToolsVersion = 8.0;
						ProvisioningStyle = Automatic;
						TestTargetID = BD7648661DA905A0009254EC;
					};
				};
			};
			buildConfigurationList = BD7648621DA905A0009254EC /* Build configuration list for PBXProject "LKStarSlider" */;
			compatibilityVersion = "Xcode 3.2";
			developmentRegion = English;
			hasScannedForEncodings = 0;
			knownRegions = (
				en,
				Base,
			);
			mainGroup = BD76485E1DA905A0009254EC;
			productRefGroup = BD7648681DA905A0009254EC /* Products */;
			projectDirPath = "";
			projectRoot = "";
			targets = (
				BD7648661DA905A0009254EC /* LKStarSlider */,
				BD76487F1DA905A0009254EC /* LKStarSliderTests */,
				BD76488A1DA905A0009254EC /* LKStarSliderUITests */,
			);
		};
/* End PBXProject section */

/* Begin PBXResourcesBuildPhase section */
		BD7648651DA905A0009254EC /* Resources */ = {
			isa = PBXResourcesBuildPhase;
			buildActionMask = 2147483647;
			files = (
				BD7648771DA905A0009254EC /* Assets.xcassets in Resources */,
				BD7648751DA905A0009254EC /* Main.storyboard in Resources */,
			);
			runOnlyForDeploymentPostprocessing = 0;
		};
		BD76487E1DA905A0009254EC /* Resources */ = {
			isa = PBXResourcesBuildPhase;
			buildActionMask = 2147483647;
			files = (
			);
			runOnlyForDeploymentPostprocessing = 0;
		};
		BD7648891DA905A0009254EC /* Resources */ = {
			isa = PBXResourcesBuildPhase;
			buildActionMask = 2147483647;
			files = (
			);
			runOnlyForDeploymentPostprocessing = 0;
		};
/* End PBXResourcesBuildPhase section */

/* Begin PBXSourcesBuildPhase section */
		BD7648631DA905A0009254EC /* Sources */ = {
			isa = PBXSourcesBuildPhase;
			buildActionMask = 2147483647;
			files = (
				BD7648721DA905A0009254EC /* ViewController.m in Sources */,
				BD76489F1DA90605009254EC /* LKStarSlider.m in Sources */,
				BD76486F1DA905A0009254EC /* AppDelegate.m in Sources */,
				BD76486C1DA905A0009254EC /* main.m in Sources */,
			);
			runOnlyForDeploymentPostprocessing = 0;
		};
		BD76487C1DA905A0009254EC /* Sources */ = {
			isa = PBXSourcesBuildPhase;
			buildActionMask = 2147483647;
			files = (
				BD7648851DA905A0009254EC /* LKStarSliderTests.m in Sources */,
			);
			runOnlyForDeploymentPostprocessing = 0;
		};
		BD7648871DA905A0009254EC /* Sources */ = {
			isa = PBXSourcesBuildPhase;
			buildActionMask = 2147483647;
			files = (
				BD7648901DA905A0009254EC /* LKStarSliderUITests.m in Sources */,
			);
			runOnlyForDeploymentPostprocessing = 0;
		};
/* End PBXSourcesBuildPhase section */

/* Begin PBXTargetDependency section */
		BD7648821DA905A0009254EC /* PBXTargetDependency */ = {
			isa = PBXTargetDependency;
			target = BD7648661DA905A0009254EC /* LKStarSlider */;
			targetProxy = BD7648811DA905A0009254EC /* PBXContainerItemProxy */;
		};
		BD76488D1DA905A0009254EC /* PBXTargetDependency */ = {
			isa = PBXTargetDependency;
			target = BD7648661DA905A0009254EC /* LKStarSlider */;
			targetProxy = BD76488C1DA905A0009254EC /* PBXContainerItemProxy */;
		};
/* End PBXTargetDependency section */

/* Begin PBXVariantGroup section */
		BD7648731DA905A0009254EC /* Main.storyboard */ = {
			isa = PBXVariantGroup;
			children = (
				BD7648741DA905A0009254EC /* Base */,
			);
			name = Main.storyboard;
			sourceTree = "<group>";
		};
/* End PBXVariantGroup section */

/* Begin XCBuildConfiguration section */
		BD7648921DA905A0009254EC /* Debug */ = {
			isa = XCBuildConfiguration;
			buildSettings = {
				ALWAYS_SEARCH_USER_PATHS = NO;
				CLANG_ANALYZER_NONNULL = YES;
				CLANG_CXX_LANGUAGE_STANDARD = "gnu++0x";
				CLANG_CXX_LIBRARY = "libc++";
				CLANG_ENABLE_MODULES = YES;
				CLANG_ENABLE_OBJC_ARC = YES;
				CLANG_WARN_BOOL_CONVERSION = YES;
				CLANG_WARN_CONSTANT_CONVERSION = YES;
				CLANG_WARN_DIRECT_OBJC_ISA_USAGE = YES_ERROR;
				CLANG_WARN_DOCUMENTATION_COMMENTS = YES;
				CLANG_WARN_EMPTY_BODY = YES;
				CLANG_WARN_ENUM_CONVERSION = YES;
				CLANG_WARN_INFINITE_RECURSION = YES;
				CLANG_WARN_INT_CONVERSION = YES;
				CLANG_WARN_OBJC_ROOT_CLASS = YES_ERROR;
				CLANG_WARN_SUSPICIOUS_MOVES = YES;
				CLANG_WARN_UNREACHABLE_CODE = YES;
				CLANG_WARN__DUPLICATE_METHOD_MATCH = YES;
				"CODE_SIGN_IDENTITY[sdk=iphoneos*]" = "iPhone Developer";
				COPY_PHASE_STRIP = NO;
				DEBUG_INFORMATION_FORMAT = dwarf;
				ENABLE_STRICT_OBJC_MSGSEND = YES;
				ENABLE_TESTABILITY = YES;
				GCC_C_LANGUAGE_STANDARD = gnu99;
				GCC_DYNAMIC_NO_PIC = NO;
				GCC_NO_COMMON_BLOCKS = YES;
				GCC_OPTIMIZATION_LEVEL = 0;
				GCC_PREPROCESSOR_DEFINITIONS = (
					"DEBUG=1",
					"$(inherited)",
				);
				GCC_WARN_64_TO_32_BIT_CONVERSION = YES;
				GCC_WARN_ABOUT_RETURN_TYPE = YES_ERROR;
				GCC_WARN_UNDECLARED_SELECTOR = YES;
				GCC_WARN_UNINITIALIZED_AUTOS = YES_AGGRESSIVE;
				GCC_WARN_UNUSED_FUNCTION = YES;
				GCC_WARN_UNUSED_VARIABLE = YES;
				IPHONEOS_DEPLOYMENT_TARGET = 10.0;
				MTL_ENABLE_DEBUG_INFO = YES;
				ONLY_ACTIVE_ARCH = YES;
				SDKROOT = iphoneos;
				TARGETED_DEVICE_FAMILY = "1,2";
			};
			name = Debug;
		};
		BD7648931DA905A0009254EC /* Release */ = {
			isa = XCBuildConfiguration;
			buildSettings = {
				ALWAYS_SEARCH_USER_PATHS = NO;
				CLANG_ANALYZER_NONNULL = YES;
				CLANG_CXX_LANGUAGE_STANDARD = "gnu++0x";
				CLANG_CXX_LIBRARY = "libc++";
				CLANG_ENABLE_MODULES = YES;
				CLANG_ENABLE_OBJC_ARC = YES;
				CLANG_WARN_BOOL_CONVERSION = YES;
				CLANG_WARN_CONSTANT_CONVERSION = YES;
				CLANG_WARN_DIRECT_OBJC_ISA_USAGE = YES_ERROR;
				CLANG_WARN_DOCUMENTATION_COMMENTS = YES;
				CLANG_WARN_EMPTY_BODY = YES;
				CLANG_WARN_ENUM_CONVERSION = YES;
				CLANG_WARN_INFINITE_RECURSION = YES;
				CLANG_WARN_INT_CONVERSION = YES;
				CLANG_WARN_OBJC_ROOT_CLASS = YES_ERROR;
				CLANG_WARN_SUSPICIOUS_MOVES = YES;
				CLANG_WARN_UNREACHABLE_CODE = YES;
				CLANG_WARN__DUPLICATE_METHOD_MATCH = YES;
				"CODE_SIGN_IDENTITY[sdk=iphoneos*]" = "iPhone Developer";
				COPY_PHASE_STRIP = NO;
				DEBUG_INFORMATION_FORMAT = "dwarf-with-dsym";
				ENABLE_NS_ASSERTIONS = NO;
				ENABLE_STRICT_OBJC_MSGSEND = YES;
				GCC_C_LANGUAGE_STANDARD = gnu99;
				GCC_NO_COMMON_BLOCKS = YES;
				GCC_WARN_64_TO_32_BIT_CONVERSION = YES;
				GCC_WARN_ABOUT_RETURN_TYPE = YES_ERROR;
				GCC_WARN_UNDECLARED_SELECTOR = YES;
				GCC_WARN_UNINITIALIZED_AUTOS = YES_AGGRESSIVE;
				GCC_WARN_UNUSED_FUNCTION = YES;
				GCC_WARN_UNUSED_VARIABLE = YES;
				IPHONEOS_DEPLOYMENT_TARGET = 10.0;
				MTL_ENABLE_DEBUG_INFO = NO;
				SDKROOT = iphoneos;
				TARGETED_DEVICE_FAMILY = "1,2";
				VALIDATE_PRODUCT = YES;
			};
			name = Release;
		};
		BD7648951DA905A0009254EC /* Debug */ = {
			isa = XCBuildConfiguration;
			buildSettings = {
				ASSETCATALOG_COMPILER_APPICON_NAME = AppIcon;
				INFOPLIST_FILE = LKStarSlider/Info.plist;
				LD_RUNPATH_SEARCH_PATHS = "$(inherited) @executable_path/Frameworks";
				PRODUCT_BUNDLE_IDENTIFIER = cn.edu.bjtu.like.LKStarSlider;
				PRODUCT_NAME = "$(TARGET_NAME)";
			};
			name = Debug;
		};
		BD7648961DA905A0009254EC /* Release */ = {
			isa = XCBuildConfiguration;
			buildSettings = {
				ASSETCATALOG_COMPILER_APPICON_NAME = AppIcon;
				INFOPLIST_FILE = LKStarSlider/Info.plist;
				LD_RUNPATH_SEARCH_PATHS = "$(inherited) @executable_path/Frameworks";
				PRODUCT_BUNDLE_IDENTIFIER = cn.edu.bjtu.like.LKStarSlider;
				PRODUCT_NAME = "$(TARGET_NAME)";
			};
			name = Release;
		};
		BD7648981DA905A0009254EC /* Debug */ = {
			isa = XCBuildConfiguration;
			buildSettings = {
				BUNDLE_LOADER = "$(TEST_HOST)";
				INFOPLIST_FILE = LKStarSliderTests/Info.plist;
				LD_RUNPATH_SEARCH_PATHS = "$(inherited) @executable_path/Frameworks @loader_path/Frameworks";
				PRODUCT_BUNDLE_IDENTIFIER = cn.edu.bjtu.like.LKStarSliderTests;
				PRODUCT_NAME = "$(TARGET_NAME)";
				TEST_HOST = "$(BUILT_PRODUCTS_DIR)/LKStarSlider.app/LKStarSlider";
			};
			name = Debug;
		};
		BD7648991DA905A0009254EC /* Release */ = {
			isa = XCBuildConfiguration;
			buildSettings = {
				BUNDLE_LOADER = "$(TEST_HOST)";
				INFOPLIST_FILE = LKStarSliderTests/Info.plist;
				LD_RUNPATH_SEARCH_PATHS = "$(inherited) @executable_path/Frameworks @loader_path/Frameworks";
				PRODUCT_BUNDLE_IDENTIFIER = cn.edu.bjtu.like.LKStarSliderTests;
				PRODUCT_NAME = "$(TARGET_NAME)";
				TEST_HOST = "$(BUILT_PRODUCTS_DIR)/LKStarSlider.app/LKStarSlider";
			};
			name = Release;
		};
		BD76489B1DA905A0009254EC /* Debug */ = {
			isa = XCBuildConfiguration;
			buildSettings = {
				INFOPLIST_FILE = LKStarSliderUITests/Info.plist;
				LD_RUNPATH_SEARCH_PATHS = "$(inherited) @executable_path/Frameworks @loader_path/Frameworks";
				PRODUCT_BUNDLE_IDENTIFIER = cn.edu.bjtu.like.LKStarSliderUITests;
				PRODUCT_NAME = "$(TARGET_NAME)";
				TEST_TARGET_NAME = LKStarSlider;
			};
			name = Debug;
		};
		BD76489C1DA905A0009254EC /* Release */ = {
			isa = XCBuildConfiguration;
			buildSettings = {
				INFOPLIST_FILE = LKStarSliderUITests/Info.plist;
				LD_RUNPATH_SEARCH_PATHS = "$(inherited) @executable_path/Frameworks @loader_path/Frameworks";
				PRODUCT_BUNDLE_IDENTIFIER = cn.edu.bjtu.like.LKStarSliderUITests;
				PRODUCT_NAME = "$(TARGET_NAME)";
				TEST_TARGET_NAME = LKStarSlider;
			};
			name = Release;
		};
/* End XCBuildConfiguration section */

/* Begin XCConfigurationList section */
		BD7648621DA905A0009254EC /* Build configuration list for PBXProject "LKStarSlider" */ = {
			isa = XCConfigurationList;
			buildConfigurations = (
				BD7648921DA905A0009254EC /* Debug */,
				BD7648931DA905A0009254EC /* Release */,
			);
			defaultConfigurationIsVisible = 0;
			defaultConfigurationName = Release;
		};
		BD7648941DA905A0009254EC /* Build configuration list for PBXNativeTarget "LKStarSlider" */ = {
			isa = XCConfigurationList;
			buildConfigurations = (
				BD7648951DA905A0009254EC /* Debug */,
				BD7648961DA905A0009254EC /* Release */,
			);
			defaultConfigurationIsVisible = 0;
		};
		BD7648971DA905A0009254EC /* Build configuration list for PBXNativeTarget "LKStarSliderTests" */ = {
			isa = XCConfigurationList;
			buildConfigurations = (
				BD7648981DA905A0009254EC /* Debug */,
				BD7648991DA905A0009254EC /* Release */,
			);
			defaultConfigurationIsVisible = 0;
		};
		BD76489A1DA905A0009254EC /* Build configuration list for PBXNativeTarget "LKStarSliderUITests" */ = {
			isa = XCConfigurationList;
			buildConfigurations = (
				BD76489B1DA905A0009254EC /* Debug */,
				BD76489C1DA905A0009254EC /* Release */,
			);
			defaultConfigurationIsVisible = 0;
		};
/* End XCConfigurationList section */
	};
	rootObject = BD76485F1DA905A0009254EC /* Project object */;
}
